
Microsoft Visual Studio Solution File, Format Version 12.00
# Visual Studio Version 17
VisualStudioVersion = 17.13.35931.197 d17.13
MinimumVisualStudioVersion = 10.0.40219.1
Project("{FAE04EC0-301F-11D3-BF4B-00C04F79EFBC}") = "MauiAppHotel", "MauiAppHotel\MauiAppHotel.csproj", "{1A3FBF7C-C72B-4530-99D5-88FF7E1B36EC}"
EndProject
Global
	GlobalSection(SolutionConfigurationPlatforms) = preSolution
		Debug|Any CPU = Debug|Any CPU
		Release|Any CPU = Release|Any CPU
	EndGlobalSection
	GlobalSection(ProjectConfigurationPlatforms) = postSolution
		{1A3FBF7C-C72B-4530-99D5-88FF7E1B36EC}.Debug|Any CPU.ActiveCfg = Debug|Any CPU
		{1A3FBF7C-C72B-4530-99D5-88FF7E1B36EC}.Debug|Any CPU.Build.0 = Debug|Any CPU
		{1A3FBF7C-C72B-4530-99D5-88FF7E1B36EC}.Debug|Any CPU.Deploy.0 = Debug|Any CPU
		{1A3FBF7C-C72B-4530-99D5-88FF7E1B36EC}.Release|Any CPU.ActiveCfg = Release|Any CPU
		{1A3FBF7C-C72B-4530-99D5-88FF7E1B36EC}.Release|Any CPU.Build.0 = Release|Any CPU
		{1A3FBF7C-C72B-4530-99D5-88FF7E1B36EC}.Release|Any CPU.Deploy.0 = Release|Any CPU
	EndGlobalSection
	GlobalSection(SolutionProperties) = preSolution
		HideSolutionNode = FALSE
	EndGlobalSection
	GlobalSection(ExtensibilityGlobals) = postSolution
		SolutionGuid = {2473459A-A867-4863-B0F3-66827A31BD9C}
	EndGlobalSection
EndGlobal
